<?xml version="1.0" encoding="UTF-8" standalone="yes" ?>
<CodeBlocks_project_file>
	<FileVersion major="1" minor="6" />
	<Project>
		<Option title="U20_Stern" />
		<Option pch_mode="2" />
		<Option compiler="gcc" />
		<Build>
			<Target title="Debug">
				<Option output="bin/Debug/U20_Stern" prefix_auto="1" extension_auto="1" />
				<Option object_output="obj/Debug/" />
				<Option type="1" />
				<Option compiler="gcc" />
				<Compiler>
					<Add option="-g" />
					<Add directory="../SDL2-2.0.18/i686-w64-mingw32/include" />
				</Compiler>
				<Linker>
					<Add option="-static -lmingw32 -lSDL2main -lSDL2" />
					<Add option="-Wl,--no-undefined -lm -ldinput8 -ldxguid -ldxerr8 -luser32" />
					<Add option="-lgdi32 -lwinmm -limm32 -lole32 -loleaut32 -lshell32" />
					<Add option="-lversion -luuid -static-libgcc -lhid -lsetupapi" />
					<Add directory="../SDL2-2.0.18/i686-w64-mingw32/lib" />
				</Linker>
			</Target>
		</Build>
		<Compiler>
			<Add option="-Wall" />
		</Compiler>
		<Unit filename="main.c">
			<Option compilerVar="CC" />
		</Unit>
		<Unit filename="sdlinterf.c">
			<Option compilerVar="CC" />
		</Unit>
		<Unit filename="sdlinterf.h" />
		<Extensions />
	</Project>
</CodeBlocks_project_file>
